
Microsoft Visual Studio Solution File, Format Version 12.00
# Visual Studio Version 17
VisualStudioVersion = 17.14.36811.4 d17.14
MinimumVisualStudioVersion = 10.0.40219.1
Project("{8BC9CEB8-8B4A-11D0-8D11-00A0C91BC942}") = "MonteCarlo_Cuda", "MonteCarlo_Cuda.vcxproj", "{872765B4-B78A-7390-1D56-BDD36E63B324}"
EndProject
Global
	GlobalSection(SolutionConfigurationPlatforms) = preSolution
		Debug|x64 = Debug|x64
		Release|x64 = Release|x64
	EndGlobalSection
	GlobalSection(ProjectConfigurationPlatforms) = postSolution
		{872765B4-B78A-7390-1D56-BDD36E63B324}.Debug|x64.ActiveCfg = Debug|x64
		{872765B4-B78A-7390-1D56-BDD36E63B324}.Debug|x64.Build.0 = Debug|x64
		{872765B4-B78A-7390-1D56-BDD36E63B324}.Release|x64.ActiveCfg = Release|x64
		{872765B4-B78A-7390-1D56-BDD36E63B324}.Release|x64.Build.0 = Release|x64
	EndGlobalSection
	GlobalSection(SolutionProperties) = preSolution
		HideSolutionNode = FALSE
	EndGlobalSection
	GlobalSection(ExtensibilityGlobals) = postSolution
		SolutionGuid = {8512E6F1-E5EC-49ED-9929-469FC1ADA821}
	EndGlobalSection
EndGlobal
